
Microsoft Visual Studio Solution File, Format Version 12.00
# Visual Studio Version 17
VisualStudioVersion = 17.7.34024.191
MinimumVisualStudioVersion = 10.0.40219.1
Project("{FAE04EC0-301F-11D3-BF4B-00C04F79EFBC}") = "SQ4", "SQ4.csproj", "{6EC8C31F-47EF-4E55-82F9-ED0C9285F228}"
EndProject
Global
	GlobalSection(SolutionConfigurationPlatforms) = preSolution
		Debug|Any CPU = Debug|Any CPU
		Release|Any CPU = Release|Any CPU
	EndGlobalSection
	GlobalSection(ProjectConfigurationPlatforms) = postSolution
		{6EC8C31F-47EF-4E55-82F9-ED0C9285F228}.Debug|Any CPU.ActiveCfg = Debug|Any CPU
		{6EC8C31F-47EF-4E55-82F9-ED0C9285F228}.Debug|Any CPU.Build.0 = Debug|Any CPU
		{6EC8C31F-47EF-4E55-82F9-ED0C9285F228}.Release|Any CPU.ActiveCfg = Release|Any CPU
		{6EC8C31F-47EF-4E55-82F9-ED0C9285F228}.Release|Any CPU.Build.0 = Release|Any CPU
	EndGlobalSection
	GlobalSection(SolutionProperties) = preSolution
		HideSolutionNode = FALSE
	EndGlobalSection
	GlobalSection(ExtensibilityGlobals) = postSolution
		SolutionGuid = {CB5483F3-96D5-4ECF-9080-048FBBBD47C9}
	EndGlobalSection
EndGlobal
