
Microsoft Visual Studio Solution File, Format Version 12.00
# Visual Studio Version 17
VisualStudioVersion = 17.7.34024.191
MinimumVisualStudioVersion = 10.0.40219.1
Project("{9A19103F-16F7-4668-BE54-9A1E7A4F7556}") = "LimitedSizeStack", "LimitedSizeStack.csproj", "{67D7B958-16A0-424F-88A0-2F136A5DB7AD}"
EndProject
Global
	GlobalSection(SolutionConfigurationPlatforms) = preSolution
		Debug|Any CPU = Debug|Any CPU
		Release|Any CPU = Release|Any CPU
	EndGlobalSection
	GlobalSection(ProjectConfigurationPlatforms) = postSolution
		{67D7B958-16A0-424F-88A0-2F136A5DB7AD}.Debug|Any CPU.ActiveCfg = Debug|Any CPU
		{67D7B958-16A0-424F-88A0-2F136A5DB7AD}.Debug|Any CPU.Build.0 = Debug|Any CPU
		{67D7B958-16A0-424F-88A0-2F136A5DB7AD}.Release|Any CPU.ActiveCfg = Release|Any CPU
		{67D7B958-16A0-424F-88A0-2F136A5DB7AD}.Release|Any CPU.Build.0 = Release|Any CPU
	EndGlobalSection
	GlobalSection(SolutionProperties) = preSolution
		HideSolutionNode = FALSE
	EndGlobalSection
	GlobalSection(ExtensibilityGlobals) = postSolution
		SolutionGuid = {0F65039B-C550-4699-B6D9-5784E6F9EB77}
	EndGlobalSection
EndGlobal
