
Microsoft Visual Studio Solution File, Format Version 12.00
# Visual Studio Version 17
VisualStudioVersion = 17.9.34728.123
MinimumVisualStudioVersion = 10.0.40219.1
Project("{9A19103F-16F7-4668-BE54-9A1E7A4F7556}") = "Antiplagiarism", "Antiplagiarism.csproj", "{68C678D3-C0D3-48A1-A2DB-B1C672B57F4A}"
EndProject
Global
	GlobalSection(SolutionConfigurationPlatforms) = preSolution
		Debug|Any CPU = Debug|Any CPU
		Release|Any CPU = Release|Any CPU
	EndGlobalSection
	GlobalSection(ProjectConfigurationPlatforms) = postSolution
		{68C678D3-C0D3-48A1-A2DB-B1C672B57F4A}.Debug|Any CPU.ActiveCfg = Debug|Any CPU
		{68C678D3-C0D3-48A1-A2DB-B1C672B57F4A}.Debug|Any CPU.Build.0 = Debug|Any CPU
		{68C678D3-C0D3-48A1-A2DB-B1C672B57F4A}.Release|Any CPU.ActiveCfg = Release|Any CPU
		{68C678D3-C0D3-48A1-A2DB-B1C672B57F4A}.Release|Any CPU.Build.0 = Release|Any CPU
	EndGlobalSection
	GlobalSection(SolutionProperties) = preSolution
		HideSolutionNode = FALSE
	EndGlobalSection
	GlobalSection(ExtensibilityGlobals) = postSolution
		SolutionGuid = {E413BD36-6217-4470-BD3C-0B816395FE10}
	EndGlobalSection
EndGlobal
